{
  "nodes": {
    "nixpkgs": {
      "locked": {
        "lastModified": 1614890151,
        "narHash": "sha256-1e+5DPkcjPGsSEd4MSBE8ViysksV5QTW49P4Ab4Pr5Y=",
        "owner": "nixos",
        "repo": "nixpkgs",
        "rev": "d1af42629bd0cdef1d9b015a016d8812885976b4",
        "type": "github"
      },
      "original": {
        "owner": "nixos",
        "repo": "nixpkgs",
        "type": "github"
      }
    },
    "root": {
      "inputs": {
        "nixpkgs": "nixpkgs"
      }
    }
  },
  "root": "root",
  "version": 7
}
