{
  "nodes": {
    "nixpkgs": {
      "locked": {
        "lastModified": 1616984871,
        "narHash": "sha256-JEmeO5zkrvp+FPBJBUTWuAjkYq0gyXYvEIKrcvuYPdo=",
        "owner": "nixos",
        "repo": "nixpkgs",
        "rev": "76bd95316205e1eaf472b04fceef654f0e7639a1",
        "type": "github"
      },
      "original": {
        "owner": "nixos",
        "repo": "nixpkgs",
        "type": "github"
      }
    },
    "root": {
      "inputs": {
        "nixpkgs": "nixpkgs"
      }
    }
  },
  "root": "root",
  "version": 7
}
